
Microsoft Visual Studio Solution File, Format Version 12.00
# Visual Studio Version 17
VisualStudioVersion = 17.11.35222.181
MinimumVisualStudioVersion = 10.0.40219.1
Project("{FAE04EC0-301F-11D3-BF4B-00C04F79EFBC}") = "ST10085201_PROG7312_POE_Part1", "ST10085201_PROG7312_POE_Part1.csproj", "{60632DD0-5572-4840-AB36-8C238453B5F2}"
EndProject
Global
	GlobalSection(SolutionConfigurationPlatforms) = preSolution
		Debug|Any CPU = Debug|Any CPU
		Release|Any CPU = Release|Any CPU
	EndGlobalSection
	GlobalSection(ProjectConfigurationPlatforms) = postSolution
		{60632DD0-5572-4840-AB36-8C238453B5F2}.Debug|Any CPU.ActiveCfg = Debug|Any CPU
		{60632DD0-5572-4840-AB36-8C238453B5F2}.Debug|Any CPU.Build.0 = Debug|Any CPU
		{60632DD0-5572-4840-AB36-8C238453B5F2}.Release|Any CPU.ActiveCfg = Release|Any CPU
		{60632DD0-5572-4840-AB36-8C238453B5F2}.Release|Any CPU.Build.0 = Release|Any CPU
	EndGlobalSection
	GlobalSection(SolutionProperties) = preSolution
		HideSolutionNode = FALSE
	EndGlobalSection
	GlobalSection(ExtensibilityGlobals) = postSolution
		SolutionGuid = {EE6BFDBB-15AE-4F01-BFCC-DCD20B387CF0}
	EndGlobalSection
EndGlobal
